
Microsoft Visual Studio Solution File, Format Version 12.00
# Visual Studio Version 17
VisualStudioVersion = 17.10.34928.147
MinimumVisualStudioVersion = 10.0.40219.1
Project("{FAE04EC0-301F-11D3-BF4B-00C04F79EFBC}") = "InteriorElevationsByRoom", "InteriorElevationsByRoom.csproj", "{5CA64641-B935-4422-BFDF-7224AC26FE20}"
EndProject
Global
	GlobalSection(SolutionConfigurationPlatforms) = preSolution
		Debug R20|Any CPU = Debug R20|Any CPU
		Debug R21|Any CPU = Debug R21|Any CPU
		Debug R22|Any CPU = Debug R22|Any CPU
		Debug R23|Any CPU = Debug R23|Any CPU
		Debug R24|Any CPU = Debug R24|Any CPU
		Debug R25|Any CPU = Debug R25|Any CPU
		Release R20|Any CPU = Release R20|Any CPU
		Release R21|Any CPU = Release R21|Any CPU
		Release R22|Any CPU = Release R22|Any CPU
		Release R23|Any CPU = Release R23|Any CPU
		Release R24|Any CPU = Release R24|Any CPU
		Release R25|Any CPU = Release R25|Any CPU
	EndGlobalSection
	GlobalSection(ProjectConfigurationPlatforms) = postSolution
		{5CA64641-B935-4422-BFDF-7224AC26FE20}.Debug R20|Any CPU.ActiveCfg = Debug R20|Any CPU
		{5CA64641-B935-4422-BFDF-7224AC26FE20}.Debug R20|Any CPU.Build.0 = Debug R20|Any CPU
		{5CA64641-B935-4422-BFDF-7224AC26FE20}.Debug R21|Any CPU.ActiveCfg = Debug R21|Any CPU
		{5CA64641-B935-4422-BFDF-7224AC26FE20}.Debug R21|Any CPU.Build.0 = Debug R21|Any CPU
		{5CA64641-B935-4422-BFDF-7224AC26FE20}.Debug R22|Any CPU.ActiveCfg = Debug R22|Any CPU
		{5CA64641-B935-4422-BFDF-7224AC26FE20}.Debug R22|Any CPU.Build.0 = Debug R22|Any CPU
		{5CA64641-B935-4422-BFDF-7224AC26FE20}.Debug R23|Any CPU.ActiveCfg = Debug R23|Any CPU
		{5CA64641-B935-4422-BFDF-7224AC26FE20}.Debug R23|Any CPU.Build.0 = Debug R23|Any CPU
		{5CA64641-B935-4422-BFDF-7224AC26FE20}.Debug R24|Any CPU.ActiveCfg = Debug R24|Any CPU
		{5CA64641-B935-4422-BFDF-7224AC26FE20}.Debug R24|Any CPU.Build.0 = Debug R24|Any CPU
		{5CA64641-B935-4422-BFDF-7224AC26FE20}.Debug R25|Any CPU.ActiveCfg = Debug R25|Any CPU
		{5CA64641-B935-4422-BFDF-7224AC26FE20}.Debug R25|Any CPU.Build.0 = Debug R25|Any CPU
		{5CA64641-B935-4422-BFDF-7224AC26FE20}.Release R20|Any CPU.ActiveCfg = Release R20|Any CPU
		{5CA64641-B935-4422-BFDF-7224AC26FE20}.Release R20|Any CPU.Build.0 = Release R20|Any CPU
		{5CA64641-B935-4422-BFDF-7224AC26FE20}.Release R21|Any CPU.ActiveCfg = Release R21|Any CPU
		{5CA64641-B935-4422-BFDF-7224AC26FE20}.Release R21|Any CPU.Build.0 = Release R21|Any CPU
		{5CA64641-B935-4422-BFDF-7224AC26FE20}.Release R22|Any CPU.ActiveCfg = Release R22|Any CPU
		{5CA64641-B935-4422-BFDF-7224AC26FE20}.Release R22|Any CPU.Build.0 = Release R22|Any CPU
		{5CA64641-B935-4422-BFDF-7224AC26FE20}.Release R23|Any CPU.ActiveCfg = Release R23|Any CPU
		{5CA64641-B935-4422-BFDF-7224AC26FE20}.Release R23|Any CPU.Build.0 = Release R23|Any CPU
		{5CA64641-B935-4422-BFDF-7224AC26FE20}.Release R24|Any CPU.ActiveCfg = Release R24|Any CPU
		{5CA64641-B935-4422-BFDF-7224AC26FE20}.Release R24|Any CPU.Build.0 = Release R24|Any CPU
		{5CA64641-B935-4422-BFDF-7224AC26FE20}.Release R25|Any CPU.ActiveCfg = Release R25|Any CPU
		{5CA64641-B935-4422-BFDF-7224AC26FE20}.Release R25|Any CPU.Build.0 = Release R25|Any CPU
	EndGlobalSection
	GlobalSection(SolutionProperties) = preSolution
		HideSolutionNode = FALSE
	EndGlobalSection
	GlobalSection(ExtensibilityGlobals) = postSolution
		SolutionGuid = {93EED798-8D56-41F1-AA05-1B323DB4AF3B}
	EndGlobalSection
EndGlobal
